Microsoft Visual Studio Solution File, Format Version 12.00
# Visual Studio Version 17
Project("{FAE04EC0-301F-11D3-BF4B-00C04F79EFBC}") = "SequenceDiagram", "SequenceDiagram.csproj", "{D0089FD4-1A0C-4AE7-81F5-7B95E947AFBA}"
EndProject
Global
	GlobalSection(SolutionConfigurationPlatforms) = preSolution
		Debug|Any CPU = Debug|Any CPU
		Release|Any CPU = Release|Any CPU
	EndGlobalSection
	GlobalSection(ProjectConfigurationPlatforms) = postSolution
		{D0089FD4-1A0C-4AE7-81F5-7B95E947AFBA}.Debug|Any CPU.ActiveCfg = Debug|Any CPU
		{D0089FD4-1A0C-4AE7-81F5-7B95E947AFBA}.Debug|Any CPU.Build.0 = Debug|Any CPU
		{D0089FD4-1A0C-4AE7-81F5-7B95E947AFBA}.Release|Any CPU.ActiveCfg = Release|Any CPU
		{D0089FD4-1A0C-4AE7-81F5-7B95E947AFBA}.Release|Any CPU.Build.0 = Release|Any CPU
	EndGlobalSection
	GlobalSection(SolutionProperties) = preSolution
		HideSolutionNode = FALSE
	EndGlobalSection
EndGlobal
