Microsoft Visual Studio Solution File, Format Version 12.00
# Visual Studio Version 17
Project("{FAE04EC0-301F-11D3-BF4B-00C04F79EFBC}") = "Ternary", "Ternary.csproj", "{34A371B5-60F7-4C50-BE46-5FC90079BBCB}"
EndProject
Global
	GlobalSection(SolutionConfigurationPlatforms) = preSolution
		Debug|Any CPU = Debug|Any CPU
		Release|Any CPU = Release|Any CPU
	EndGlobalSection
	GlobalSection(ProjectConfigurationPlatforms) = postSolution
		{34A371B5-60F7-4C50-BE46-5FC90079BBCB}.Debug|Any CPU.ActiveCfg = Debug|Any CPU
		{34A371B5-60F7-4C50-BE46-5FC90079BBCB}.Debug|Any CPU.Build.0 = Debug|Any CPU
		{34A371B5-60F7-4C50-BE46-5FC90079BBCB}.Release|Any CPU.ActiveCfg = Release|Any CPU
		{34A371B5-60F7-4C50-BE46-5FC90079BBCB}.Release|Any CPU.Build.0 = Release|Any CPU
	EndGlobalSection
	GlobalSection(SolutionProperties) = preSolution
		HideSolutionNode = FALSE
	EndGlobalSection
EndGlobal
