Microsoft Visual Studio Solution File, Format Version 12.00
# Visual Studio Version 17
Project("{FAE04EC0-301F-11D3-BF4B-00C04F79EFBC}") = "EventLogger", "EventLogger.csproj", "{6090CE57-16AD-423B-AEA2-CBD260463F20}"
EndProject
Global
	GlobalSection(SolutionConfigurationPlatforms) = preSolution
		Debug|Any CPU = Debug|Any CPU
		Release|Any CPU = Release|Any CPU
	EndGlobalSection
	GlobalSection(ProjectConfigurationPlatforms) = postSolution
		{6090CE57-16AD-423B-AEA2-CBD260463F20}.Debug|Any CPU.ActiveCfg = Debug|Any CPU
		{6090CE57-16AD-423B-AEA2-CBD260463F20}.Debug|Any CPU.Build.0 = Debug|Any CPU
		{6090CE57-16AD-423B-AEA2-CBD260463F20}.Release|Any CPU.ActiveCfg = Release|Any CPU
		{6090CE57-16AD-423B-AEA2-CBD260463F20}.Release|Any CPU.Build.0 = Release|Any CPU
	EndGlobalSection
	GlobalSection(SolutionProperties) = preSolution
		HideSolutionNode = FALSE
	EndGlobalSection
EndGlobal
